
Microsoft Visual Studio Solution File, Format Version 12.00
# Visual Studio Version 17
VisualStudioVersion = 17.7.34031.279
MinimumVisualStudioVersion = 10.0.40219.1
Project("{FAE04EC0-301F-11D3-BF4B-00C04F79EFBC}") = "VRCPictureToClipboard", "VRCPictureToClipboard\VRCPictureToClipboard.csproj", "{1F6C74A1-3B50-4C7A-AD0C-636518300CB6}"
EndProject
Global
	GlobalSection(SolutionConfigurationPlatforms) = preSolution
		Debug|Any CPU = Debug|Any CPU
		Release|Any CPU = Release|Any CPU
	EndGlobalSection
	GlobalSection(ProjectConfigurationPlatforms) = postSolution
		{1F6C74A1-3B50-4C7A-AD0C-636518300CB6}.Debug|Any CPU.ActiveCfg = Debug|Any CPU
		{1F6C74A1-3B50-4C7A-AD0C-636518300CB6}.Debug|Any CPU.Build.0 = Debug|Any CPU
		{1F6C74A1-3B50-4C7A-AD0C-636518300CB6}.Release|Any CPU.ActiveCfg = Release|Any CPU
		{1F6C74A1-3B50-4C7A-AD0C-636518300CB6}.Release|Any CPU.Build.0 = Release|Any CPU
	EndGlobalSection
	GlobalSection(SolutionProperties) = preSolution
		HideSolutionNode = FALSE
	EndGlobalSection
	GlobalSection(ExtensibilityGlobals) = postSolution
		SolutionGuid = {1FAAB8AB-D9C8-48B8-80B1-EC8F2D536ABC}
	EndGlobalSection
EndGlobal
